
Microsoft Visual Studio Solution File, Format Version 12.00
# Visual Studio Version 16
VisualStudioVersion = 16.0.31019.35
MinimumVisualStudioVersion = 10.0.40219.1
Project("{FAE04EC0-301F-11D3-BF4B-00C04F79EFBC}") = "lab2", "lab2\lab2.csproj", "{522EE36B-05E3-41A0-8DF2-85D982D8BF92}"
EndProject
Project("{FAE04EC0-301F-11D3-BF4B-00C04F79EFBC}") = "IIG.PasswordHashingUtils", "IIG.PasswordHashingUtils\IIG.PasswordHashingUtils\IIG.PasswordHashingUtils.csproj", "{685E8988-1197-431C-BB7F-5C37AA062360}"
EndProject
Project("{FAE04EC0-301F-11D3-BF4B-00C04F79EFBC}") = "lab3", "lab3\lab3.csproj", "{F82D5B48-D0F6-4F34-86BF-FA245C812F4D}"
EndProject
Global
	GlobalSection(SolutionConfigurationPlatforms) = preSolution
		Debug|Any CPU = Debug|Any CPU
		Release|Any CPU = Release|Any CPU
	EndGlobalSection
	GlobalSection(ProjectConfigurationPlatforms) = postSolution
		{522EE36B-05E3-41A0-8DF2-85D982D8BF92}.Debug|Any CPU.ActiveCfg = Debug|Any CPU
		{522EE36B-05E3-41A0-8DF2-85D982D8BF92}.Debug|Any CPU.Build.0 = Debug|Any CPU
		{522EE36B-05E3-41A0-8DF2-85D982D8BF92}.Release|Any CPU.ActiveCfg = Release|Any CPU
		{522EE36B-05E3-41A0-8DF2-85D982D8BF92}.Release|Any CPU.Build.0 = Release|Any CPU
		{685E8988-1197-431C-BB7F-5C37AA062360}.Debug|Any CPU.ActiveCfg = Debug|Any CPU
		{685E8988-1197-431C-BB7F-5C37AA062360}.Debug|Any CPU.Build.0 = Debug|Any CPU
		{685E8988-1197-431C-BB7F-5C37AA062360}.Release|Any CPU.ActiveCfg = Release|Any CPU
		{685E8988-1197-431C-BB7F-5C37AA062360}.Release|Any CPU.Build.0 = Release|Any CPU
		{F82D5B48-D0F6-4F34-86BF-FA245C812F4D}.Debug|Any CPU.ActiveCfg = Debug|Any CPU
		{F82D5B48-D0F6-4F34-86BF-FA245C812F4D}.Debug|Any CPU.Build.0 = Debug|Any CPU
		{F82D5B48-D0F6-4F34-86BF-FA245C812F4D}.Release|Any CPU.ActiveCfg = Release|Any CPU
		{F82D5B48-D0F6-4F34-86BF-FA245C812F4D}.Release|Any CPU.Build.0 = Release|Any CPU
	EndGlobalSection
	GlobalSection(SolutionProperties) = preSolution
		HideSolutionNode = FALSE
	EndGlobalSection
	GlobalSection(ExtensibilityGlobals) = postSolution
		SolutionGuid = {A1FF1E97-849F-42A6-BCD8-ED96E3795D03}
	EndGlobalSection
EndGlobal
